
Microsoft Visual Studio Solution File, Format Version 12.00
# Visual Studio 15
VisualStudioVersion = 15.0.26124.0
MinimumVisualStudioVersion = 15.0.26124.0
Project("{2150E333-8FDC-42A3-9474-1A3956D46DE8}") = "src", "src", "{7D15FD44-4B5F-4B5D-9E02-826EDF786FC1}"
EndProject
Project("{FAE04EC0-301F-11D3-BF4B-00C04F79EFBC}") = "StockTrackingApp.DataAccess", "src\StockTrackingApp.DataAccess\StockTrackingApp.DataAccess.csproj", "{B1499356-9E43-4DEC-91A6-2574CEECC29C}"
EndProject
Project("{FAE04EC0-301F-11D3-BF4B-00C04F79EFBC}") = "StockTrackingApp.Application", "src\StockTrackingApp.Application\StockTrackingApp.Application.csproj", "{0AC0A332-58D4-4348-AD2E-976A2B1D1B98}"
EndProject
Project("{FAE04EC0-301F-11D3-BF4B-00C04F79EFBC}") = "StockTrackingApp.Application.Contracts", "src\StockTrackingApp.Application.Contracts\StockTrackingApp.Application.Contracts.csproj", "{C4DB595C-2F52-4651-AB55-975ECA2E308C}"
EndProject
Project("{FAE04EC0-301F-11D3-BF4B-00C04F79EFBC}") = "StockTrackingApp.Contracts", "src\StockTrackingApp.Contracts\StockTrackingApp.Contracts.csproj", "{5200D0F5-99A5-4C9F-B0BB-303BA8F98D71}"
EndProject
Project("{FAE04EC0-301F-11D3-BF4B-00C04F79EFBC}") = "StockTrackingApp.WebClient", "src\StockTrackingApp.WebClient\StockTrackingApp.WebClient.csproj", "{574C3EF6-CAE5-4666-8A8B-5B636768A1E6}"
EndProject
Project("{FAE04EC0-301F-11D3-BF4B-00C04F79EFBC}") = "StockTrackingApp.Common", "src\StockTrackingApp.Common\StockTrackingApp.Common.csproj", "{EAA20427-231B-477A-85C5-D07BB60F0920}"
EndProject
Global
	GlobalSection(SolutionConfigurationPlatforms) = preSolution
		Debug|Any CPU = Debug|Any CPU
		Debug|x64 = Debug|x64
		Debug|x86 = Debug|x86
		Release|Any CPU = Release|Any CPU
		Release|x64 = Release|x64
		Release|x86 = Release|x86
	EndGlobalSection
	GlobalSection(SolutionProperties) = preSolution
		HideSolutionNode = FALSE
	EndGlobalSection
	GlobalSection(ProjectConfigurationPlatforms) = postSolution
		{B1499356-9E43-4DEC-91A6-2574CEECC29C}.Debug|Any CPU.ActiveCfg = Debug|Any CPU
		{B1499356-9E43-4DEC-91A6-2574CEECC29C}.Debug|Any CPU.Build.0 = Debug|Any CPU
		{B1499356-9E43-4DEC-91A6-2574CEECC29C}.Debug|x64.ActiveCfg = Debug|Any CPU
		{B1499356-9E43-4DEC-91A6-2574CEECC29C}.Debug|x64.Build.0 = Debug|Any CPU
		{B1499356-9E43-4DEC-91A6-2574CEECC29C}.Debug|x86.ActiveCfg = Debug|Any CPU
		{B1499356-9E43-4DEC-91A6-2574CEECC29C}.Debug|x86.Build.0 = Debug|Any CPU
		{B1499356-9E43-4DEC-91A6-2574CEECC29C}.Release|Any CPU.ActiveCfg = Release|Any CPU
		{B1499356-9E43-4DEC-91A6-2574CEECC29C}.Release|Any CPU.Build.0 = Release|Any CPU
		{B1499356-9E43-4DEC-91A6-2574CEECC29C}.Release|x64.ActiveCfg = Release|Any CPU
		{B1499356-9E43-4DEC-91A6-2574CEECC29C}.Release|x64.Build.0 = Release|Any CPU
		{B1499356-9E43-4DEC-91A6-2574CEECC29C}.Release|x86.ActiveCfg = Release|Any CPU
		{B1499356-9E43-4DEC-91A6-2574CEECC29C}.Release|x86.Build.0 = Release|Any CPU
		{0AC0A332-58D4-4348-AD2E-976A2B1D1B98}.Debug|Any CPU.ActiveCfg = Debug|Any CPU
		{0AC0A332-58D4-4348-AD2E-976A2B1D1B98}.Debug|Any CPU.Build.0 = Debug|Any CPU
		{0AC0A332-58D4-4348-AD2E-976A2B1D1B98}.Debug|x64.ActiveCfg = Debug|Any CPU
		{0AC0A332-58D4-4348-AD2E-976A2B1D1B98}.Debug|x64.Build.0 = Debug|Any CPU
		{0AC0A332-58D4-4348-AD2E-976A2B1D1B98}.Debug|x86.ActiveCfg = Debug|Any CPU
		{0AC0A332-58D4-4348-AD2E-976A2B1D1B98}.Debug|x86.Build.0 = Debug|Any CPU
		{0AC0A332-58D4-4348-AD2E-976A2B1D1B98}.Release|Any CPU.ActiveCfg = Release|Any CPU
		{0AC0A332-58D4-4348-AD2E-976A2B1D1B98}.Release|Any CPU.Build.0 = Release|Any CPU
		{0AC0A332-58D4-4348-AD2E-976A2B1D1B98}.Release|x64.ActiveCfg = Release|Any CPU
		{0AC0A332-58D4-4348-AD2E-976A2B1D1B98}.Release|x64.Build.0 = Release|Any CPU
		{0AC0A332-58D4-4348-AD2E-976A2B1D1B98}.Release|x86.ActiveCfg = Release|Any CPU
		{0AC0A332-58D4-4348-AD2E-976A2B1D1B98}.Release|x86.Build.0 = Release|Any CPU
		{C4DB595C-2F52-4651-AB55-975ECA2E308C}.Debug|Any CPU.ActiveCfg = Debug|Any CPU
		{C4DB595C-2F52-4651-AB55-975ECA2E308C}.Debug|Any CPU.Build.0 = Debug|Any CPU
		{C4DB595C-2F52-4651-AB55-975ECA2E308C}.Debug|x64.ActiveCfg = Debug|Any CPU
		{C4DB595C-2F52-4651-AB55-975ECA2E308C}.Debug|x64.Build.0 = Debug|Any CPU
		{C4DB595C-2F52-4651-AB55-975ECA2E308C}.Debug|x86.ActiveCfg = Debug|Any CPU
		{C4DB595C-2F52-4651-AB55-975ECA2E308C}.Debug|x86.Build.0 = Debug|Any CPU
		{C4DB595C-2F52-4651-AB55-975ECA2E308C}.Release|Any CPU.ActiveCfg = Release|Any CPU
		{C4DB595C-2F52-4651-AB55-975ECA2E308C}.Release|Any CPU.Build.0 = Release|Any CPU
		{C4DB595C-2F52-4651-AB55-975ECA2E308C}.Release|x64.ActiveCfg = Release|Any CPU
		{C4DB595C-2F52-4651-AB55-975ECA2E308C}.Release|x64.Build.0 = Release|Any CPU
		{C4DB595C-2F52-4651-AB55-975ECA2E308C}.Release|x86.ActiveCfg = Release|Any CPU
		{C4DB595C-2F52-4651-AB55-975ECA2E308C}.Release|x86.Build.0 = Release|Any CPU
		{5200D0F5-99A5-4C9F-B0BB-303BA8F98D71}.Debug|Any CPU.ActiveCfg = Debug|Any CPU
		{5200D0F5-99A5-4C9F-B0BB-303BA8F98D71}.Debug|Any CPU.Build.0 = Debug|Any CPU
		{5200D0F5-99A5-4C9F-B0BB-303BA8F98D71}.Debug|x64.ActiveCfg = Debug|Any CPU
		{5200D0F5-99A5-4C9F-B0BB-303BA8F98D71}.Debug|x64.Build.0 = Debug|Any CPU
		{5200D0F5-99A5-4C9F-B0BB-303BA8F98D71}.Debug|x86.ActiveCfg = Debug|Any CPU
		{5200D0F5-99A5-4C9F-B0BB-303BA8F98D71}.Debug|x86.Build.0 = Debug|Any CPU
		{5200D0F5-99A5-4C9F-B0BB-303BA8F98D71}.Release|Any CPU.ActiveCfg = Release|Any CPU
		{5200D0F5-99A5-4C9F-B0BB-303BA8F98D71}.Release|Any CPU.Build.0 = Release|Any CPU
		{5200D0F5-99A5-4C9F-B0BB-303BA8F98D71}.Release|x64.ActiveCfg = Release|Any CPU
		{5200D0F5-99A5-4C9F-B0BB-303BA8F98D71}.Release|x64.Build.0 = Release|Any CPU
		{5200D0F5-99A5-4C9F-B0BB-303BA8F98D71}.Release|x86.ActiveCfg = Release|Any CPU
		{5200D0F5-99A5-4C9F-B0BB-303BA8F98D71}.Release|x86.Build.0 = Release|Any CPU
		{574C3EF6-CAE5-4666-8A8B-5B636768A1E6}.Debug|Any CPU.ActiveCfg = Debug|Any CPU
		{574C3EF6-CAE5-4666-8A8B-5B636768A1E6}.Debug|Any CPU.Build.0 = Debug|Any CPU
		{574C3EF6-CAE5-4666-8A8B-5B636768A1E6}.Debug|x64.ActiveCfg = Debug|Any CPU
		{574C3EF6-CAE5-4666-8A8B-5B636768A1E6}.Debug|x64.Build.0 = Debug|Any CPU
		{574C3EF6-CAE5-4666-8A8B-5B636768A1E6}.Debug|x86.ActiveCfg = Debug|Any CPU
		{574C3EF6-CAE5-4666-8A8B-5B636768A1E6}.Debug|x86.Build.0 = Debug|Any CPU
		{574C3EF6-CAE5-4666-8A8B-5B636768A1E6}.Release|Any CPU.ActiveCfg = Release|Any CPU
		{574C3EF6-CAE5-4666-8A8B-5B636768A1E6}.Release|Any CPU.Build.0 = Release|Any CPU
		{574C3EF6-CAE5-4666-8A8B-5B636768A1E6}.Release|x64.ActiveCfg = Release|Any CPU
		{574C3EF6-CAE5-4666-8A8B-5B636768A1E6}.Release|x64.Build.0 = Release|Any CPU
		{574C3EF6-CAE5-4666-8A8B-5B636768A1E6}.Release|x86.ActiveCfg = Release|Any CPU
		{574C3EF6-CAE5-4666-8A8B-5B636768A1E6}.Release|x86.Build.0 = Release|Any CPU
		{EAA20427-231B-477A-85C5-D07BB60F0920}.Debug|Any CPU.ActiveCfg = Debug|Any CPU
		{EAA20427-231B-477A-85C5-D07BB60F0920}.Debug|Any CPU.Build.0 = Debug|Any CPU
		{EAA20427-231B-477A-85C5-D07BB60F0920}.Debug|x64.ActiveCfg = Debug|Any CPU
		{EAA20427-231B-477A-85C5-D07BB60F0920}.Debug|x64.Build.0 = Debug|Any CPU
		{EAA20427-231B-477A-85C5-D07BB60F0920}.Debug|x86.ActiveCfg = Debug|Any CPU
		{EAA20427-231B-477A-85C5-D07BB60F0920}.Debug|x86.Build.0 = Debug|Any CPU
		{EAA20427-231B-477A-85C5-D07BB60F0920}.Release|Any CPU.ActiveCfg = Release|Any CPU
		{EAA20427-231B-477A-85C5-D07BB60F0920}.Release|Any CPU.Build.0 = Release|Any CPU
		{EAA20427-231B-477A-85C5-D07BB60F0920}.Release|x64.ActiveCfg = Release|Any CPU
		{EAA20427-231B-477A-85C5-D07BB60F0920}.Release|x64.Build.0 = Release|Any CPU
		{EAA20427-231B-477A-85C5-D07BB60F0920}.Release|x86.ActiveCfg = Release|Any CPU
		{EAA20427-231B-477A-85C5-D07BB60F0920}.Release|x86.Build.0 = Release|Any CPU
	EndGlobalSection
	GlobalSection(NestedProjects) = preSolution
		{B1499356-9E43-4DEC-91A6-2574CEECC29C} = {7D15FD44-4B5F-4B5D-9E02-826EDF786FC1}
		{0AC0A332-58D4-4348-AD2E-976A2B1D1B98} = {7D15FD44-4B5F-4B5D-9E02-826EDF786FC1}
		{C4DB595C-2F52-4651-AB55-975ECA2E308C} = {7D15FD44-4B5F-4B5D-9E02-826EDF786FC1}
		{5200D0F5-99A5-4C9F-B0BB-303BA8F98D71} = {7D15FD44-4B5F-4B5D-9E02-826EDF786FC1}
		{574C3EF6-CAE5-4666-8A8B-5B636768A1E6} = {7D15FD44-4B5F-4B5D-9E02-826EDF786FC1}
		{EAA20427-231B-477A-85C5-D07BB60F0920} = {7D15FD44-4B5F-4B5D-9E02-826EDF786FC1}
	EndGlobalSection
EndGlobal
